
Microsoft Visual Studio Solution File, Format Version 12.00
# Visual Studio Version 16
VisualStudioVersion = 16.0.34301.259
MinimumVisualStudioVersion = 10.0.40219.1
Project("{8BC9CEB8-8B4A-11D0-8D11-00A0C91BC942}") = "Test_SCThemeDialog", "Test_SCThemeDialog.vcxproj", "{6B1607CE-865E-4798-A3D5-3C715074242E}"
EndProject
Global
	GlobalSection(SolutionConfigurationPlatforms) = preSolution
		Debug|x64 = Debug|x64
		Debug|x86 = Debug|x86
		Release|x64 = Release|x64
		Release|x86 = Release|x86
	EndGlobalSection
	GlobalSection(ProjectConfigurationPlatforms) = postSolution
		{6B1607CE-865E-4798-A3D5-3C715074242E}.Debug|x64.ActiveCfg = Debug|x64
		{6B1607CE-865E-4798-A3D5-3C715074242E}.Debug|x64.Build.0 = Debug|x64
		{6B1607CE-865E-4798-A3D5-3C715074242E}.Debug|x86.ActiveCfg = Debug|Win32
		{6B1607CE-865E-4798-A3D5-3C715074242E}.Debug|x86.Build.0 = Debug|Win32
		{6B1607CE-865E-4798-A3D5-3C715074242E}.Release|x64.ActiveCfg = Release|x64
		{6B1607CE-865E-4798-A3D5-3C715074242E}.Release|x64.Build.0 = Release|x64
		{6B1607CE-865E-4798-A3D5-3C715074242E}.Release|x86.ActiveCfg = Release|Win32
		{6B1607CE-865E-4798-A3D5-3C715074242E}.Release|x86.Build.0 = Release|Win32
	EndGlobalSection
	GlobalSection(SolutionProperties) = preSolution
		HideSolutionNode = FALSE
	EndGlobalSection
	GlobalSection(ExtensibilityGlobals) = postSolution
		SolutionGuid = {0A08FE32-7585-4722-ADCB-331F743DC1E8}
	EndGlobalSection
EndGlobal
